// !$*UTF8*$!
{
	archiveVersion = 1;
	classes = {
	};
	objectVersion = 50;
	objects = {

/* Begin PBXBuildFile section */
		895908D4227F211900F72B58 /* AppDelegate.swift in Sources */ = {isa = PBXBuildFile; fileRef = 895908D3227F211900F72B58 /* AppDelegate.swift */; };
		895908D6227F211900F72B58 /* ViewController.swift in Sources */ = {isa = PBXBuildFile; fileRef = 895908D5227F211900F72B58 /* ViewController.swift */; };
		895908D9227F211A00F72B58 /* Main.storyboard in Resources */ = {isa = PBXBuildFile; fileRef = 895908D7227F211A00F72B58 /* Main.storyboard */; };
		895908DC227F211A00F72B58 /* Adrenalab_Timer.xcdatamodeld in Sources */ = {isa = PBXBuildFile; fileRef = 895908DA227F211A00F72B58 /* Adrenalab_Timer.xcdatamodeld */; };
		895908DE227F211C00F72B58 /* Assets.xcassets in Resources */ = {isa = PBXBuildFile; fileRef = 895908DD227F211C00F72B58 /* Assets.xcassets */; };
		895908E1227F211C00F72B58 /* LaunchScreen.storyboard in Resources */ = {isa = PBXBuildFile; fileRef = 895908DF227F211C00F72B58 /* LaunchScreen.storyboard */; };
		897188E8228029F70074792C /* NewStopwatchVC.swift in Sources */ = {isa = PBXBuildFile; fileRef = 897188E7228029F70074792C /* NewStopwatchVC.swift */; };
		897188EA22802D4E0074792C /* NewCountdownVC.swift in Sources */ = {isa = PBXBuildFile; fileRef = 897188E922802D4E0074792C /* NewCountdownVC.swift */; };
		897188EC22802D630074792C /* NewIntervalVC.swift in Sources */ = {isa = PBXBuildFile; fileRef = 897188EB22802D630074792C /* NewIntervalVC.swift */; };
		897188EE22802F7E0074792C /* timermodel.swift in Sources */ = {isa = PBXBuildFile; fileRef = 897188ED22802F7E0074792C /* timermodel.swift */; };
		897188F0228040A00074792C /* StopwatchVC.swift in Sources */ = {isa = PBXBuildFile; fileRef = 897188EF228040A00074792C /* StopwatchVC.swift */; };
/* End PBXBuildFile section */

/* Begin PBXFileReference section */
		895908D0227F211900F72B58 /* Adrenalab Timer.app */ = {isa = PBXFileReference; explicitFileType = wrapper.application; includeInIndex = 0; path = "Adrenalab Timer.app"; sourceTree = BUILT_PRODUCTS_DIR; };
		895908D3227F211900F72B58 /* AppDelegate.swift */ = {isa = PBXFileReference; lastKnownFileType = sourcecode.swift; path = AppDelegate.swift; sourceTree = "<group>"; };
		895908D5227F211900F72B58 /* ViewController.swift */ = {isa = PBXFileReference; lastKnownFileType = sourcecode.swift; path = ViewController.swift; sourceTree = "<group>"; };
		895908D8227F211A00F72B58 /* Base */ = {isa = PBXFileReference; lastKnownFileType = file.storyboard; name = Base; path = Base.lproj/Main.storyboard; sourceTree = "<group>"; };
		895908DB227F211A00F72B58 /* Adrenalab_Timer.xcdatamodel */ = {isa = PBXFileReference; lastKnownFileType = wrapper.xcdatamodel; path = Adrenalab_Timer.xcdatamodel; sourceTree = "<group>"; };
		895908DD227F211C00F72B58 /* Assets.xcassets */ = {isa = PBXFileReference; lastKnownFileType = folder.assetcatalog; path = Assets.xcassets; sourceTree = "<group>"; };
		895908E0227F211C00F72B58 /* Base */ = {isa = PBXFileReference; lastKnownFileType = file.storyboard; name = Base; path = Base.lproj/LaunchScreen.storyboard; sourceTree = "<group>"; };
		895908E2227F211C00F72B58 /* Info.plist */ = {isa = PBXFileReference; lastKnownFileType = text.plist.xml; path = Info.plist; sourceTree = "<group>"; };
		897188E7228029F70074792C /* NewStopwatchVC.swift */ = {isa = PBXFileReference; lastKnownFileType = sourcecode.swift; path = NewStopwatchVC.swift; sourceTree = "<group>"; };
		897188E922802D4E0074792C /* NewCountdownVC.swift */ = {isa = PBXFileReference; lastKnownFileType = sourcecode.swift; path = NewCountdownVC.swift; sourceTree = "<group>"; };
		897188EB22802D630074792C /* NewIntervalVC.swift */ = {isa = PBXFileReference; lastKnownFileType = sourcecode.swift; path = NewIntervalVC.swift; sourceTree = "<group>"; };
		897188ED22802F7E0074792C /* timermodel.swift */ = {isa = PBXFileReference; lastKnownFileType = sourcecode.swift; path = timermodel.swift; sourceTree = "<group>"; };
		897188EF228040A00074792C /* StopwatchVC.swift */ = {isa = PBXFileReference; lastKnownFileType = sourcecode.swift; path = StopwatchVC.swift; sourceTree = "<group>"; };
/* End PBXFileReference section */

/* Begin PBXFrameworksBuildPhase section */
		895908CD227F211900F72B58 /* Frameworks */ = {
			isa = PBXFrameworksBuildPhase;
			buildActionMask = 2147483647;
			files = (
			);
			runOnlyForDeploymentPostprocessing = 0;
		};
/* End PBXFrameworksBuildPhase section */

/* Begin PBXGroup section */
		895908C7227F211900F72B58 = {
			isa = PBXGroup;
			children = (
				895908D2227F211900F72B58 /* Adrenalab Timer */,
				895908D1227F211900F72B58 /* Products */,
			);
			sourceTree = "<group>";
		};
		895908D1227F211900F72B58 /* Products */ = {
			isa = PBXGroup;
			children = (
				895908D0227F211900F72B58 /* Adrenalab Timer.app */,
			);
			name = Products;
			sourceTree = "<group>";
		};
		895908D2227F211900F72B58 /* Adrenalab Timer */ = {
			isa = PBXGroup;
			children = (
				895908D3227F211900F72B58 /* AppDelegate.swift */,
				895908D5227F211900F72B58 /* ViewController.swift */,
				895908D7227F211A00F72B58 /* Main.storyboard */,
				897188EF228040A00074792C /* StopwatchVC.swift */,
				897188E7228029F70074792C /* NewStopwatchVC.swift */,
				897188ED22802F7E0074792C /* timermodel.swift */,
				897188E922802D4E0074792C /* NewCountdownVC.swift */,
				897188EB22802D630074792C /* NewIntervalVC.swift */,
				895908DD227F211C00F72B58 /* Assets.xcassets */,
				895908DF227F211C00F72B58 /* LaunchScreen.storyboard */,
				895908E2227F211C00F72B58 /* Info.plist */,
				895908DA227F211A00F72B58 /* Adrenalab_Timer.xcdatamodeld */,
			);
			path = "Adrenalab Timer";
			sourceTree = "<group>";
		};
/* End PBXGroup section */

/* Begin PBXNativeTarget section */
		895908CF227F211900F72B58 /* Adrenalab Timer */ = {
			isa = PBXNativeTarget;
			buildConfigurationList = 895908E5227F211C00F72B58 /* Build configuration list for PBXNativeTarget "Adrenalab Timer" */;
			buildPhases = (
				895908CC227F211900F72B58 /* Sources */,
				895908CD227F211900F72B58 /* Frameworks */,
				895908CE227F211900F72B58 /* Resources */,
			);
			buildRules = (
			);
			dependencies = (
			);
			name = "Adrenalab Timer";
			productName = "Adrenalab Timer";
			productReference = 895908D0227F211900F72B58 /* Adrenalab Timer.app */;
			productType = "com.apple.product-type.application";
		};
/* End PBXNativeTarget section */

/* Begin PBXProject section */
		895908C8227F211900F72B58 /* Project object */ = {
			isa = PBXProject;
			attributes = {
				LastSwiftUpdateCheck = 1020;
				LastUpgradeCheck = 1020;
				ORGANIZATIONNAME = rtp;
				TargetAttributes = {
					895908CF227F211900F72B58 = {
						CreatedOnToolsVersion = 10.2.1;
					};
				};
			};
			buildConfigurationList = 895908CB227F211900F72B58 /* Build configuration list for PBXProject "Adrenalab Timer" */;
			compatibilityVersion = "Xcode 9.3";
			developmentRegion = en;
			hasScannedForEncodings = 0;
			knownRegions = (
				en,
				Base,
			);
			mainGroup = 895908C7227F211900F72B58;
			productRefGroup = 895908D1227F211900F72B58 /* Products */;
			projectDirPath = "";
			projectRoot = "";
			targets = (
				895908CF227F211900F72B58 /* Adrenalab Timer */,
			);
		};
/* End PBXProject section */

/* Begin PBXResourcesBuildPhase section */
		895908CE227F211900F72B58 /* Resources */ = {
			isa = PBXResourcesBuildPhase;
			buildActionMask = 2147483647;
			files = (
				895908E1227F211C00F72B58 /* LaunchScreen.storyboard in Resources */,
				895908DE227F211C00F72B58 /* Assets.xcassets in Resources */,
				895908D9227F211A00F72B58 /* Main.storyboard in Resources */,
			);
			runOnlyForDeploymentPostprocessing = 0;
		};
/* End PBXResourcesBuildPhase section */

/* Begin PBXSourcesBuildPhase section */
		895908CC227F211900F72B58 /* Sources */ = {
			isa = PBXSourcesBuildPhase;
			buildActionMask = 2147483647;
			files = (
				897188EC22802D630074792C /* NewIntervalVC.swift in Sources */,
				895908DC227F211A00F72B58 /* Adrenalab_Timer.xcdatamodeld in Sources */,
				897188F0228040A00074792C /* StopwatchVC.swift in Sources */,
				895908D6227F211900F72B58 /* ViewController.swift in Sources */,
				895908D4227F211900F72B58 /* AppDelegate.swift in Sources */,
				897188EA22802D4E0074792C /* NewCountdownVC.swift in Sources */,
				897188E8228029F70074792C /* NewStopwatchVC.swift in Sources */,
				897188EE22802F7E0074792C /* timermodel.swift in Sources */,
			);
			runOnlyForDeploymentPostprocessing = 0;
		};
/* End PBXSourcesBuildPhase section */

/* Begin PBXVariantGroup section */
		895908D7227F211A00F72B58 /* Main.storyboard */ = {
			isa = PBXVariantGroup;
			children = (
				895908D8227F211A00F72B58 /* Base */,
			);
			name = Main.storyboard;
			sourceTree = "<group>";
		};
		895908DF227F211C00F72B58 /* LaunchScreen.storyboard */ = {
			isa = PBXVariantGroup;
			children = (
				895908E0227F211C00F72B58 /* Base */,
			);
			name = LaunchScreen.storyboard;
			sourceTree = "<group>";
		};
/* End PBXVariantGroup section */

/* Begin XCBuildConfiguration section */
		895908E3227F211C00F72B58 /* Debug */ = {
			isa = XCBuildConfiguration;
			buildSettings = {
				ALWAYS_SEARCH_USER_PATHS = NO;
				CLANG_ANALYZER_NONNULL = YES;
				CLANG_ANALYZER_NUMBER_OBJECT_CONVERSION = YES_AGGRESSIVE;
				CLANG_CXX_LANGUAGE_STANDARD = "gnu++14";
				CLANG_CXX_LIBRARY = "libc++";
				CLANG_ENABLE_MODULES = YES;
				CLANG_ENABLE_OBJC_ARC = YES;
				CLANG_ENABLE_OBJC_WEAK = YES;
				CLANG_WARN_BLOCK_CAPTURE_AUTORELEASING = YES;
				CLANG_WARN_BOOL_CONVERSION = YES;
				CLANG_WARN_COMMA = YES;
				CLANG_WARN_CONSTANT_CONVERSION = YES;
				CLANG_WARN_DEPRECATED_OBJC_IMPLEMENTATIONS = YES;
				CLANG_WARN_DIRECT_OBJC_ISA_USAGE = YES_ERROR;
				CLANG_WARN_DOCUMENTATION_COMMENTS = YES;
				CLANG_WARN_EMPTY_BODY = YES;
				CLANG_WARN_ENUM_CONVERSION = YES;
				CLANG_WARN_INFINITE_RECURSION = YES;
				CLANG_WARN_INT_CONVERSION = YES;
				CLANG_WARN_NON_LITERAL_NULL_CONVERSION = YES;
				CLANG_WARN_OBJC_IMPLICIT_RETAIN_SELF = YES;
				CLANG_WARN_OBJC_LITERAL_CONVERSION = YES;
				CLANG_WARN_OBJC_ROOT_CLASS = YES_ERROR;
				CLANG_WARN_RANGE_LOOP_ANALYSIS = YES;
				CLANG_WARN_STRICT_PROTOTYPES = YES;
				CLANG_WARN_SUSPICIOUS_MOVE = YES;
				CLANG_WARN_UNGUARDED_AVAILABILITY = YES_AGGRESSIVE;
				CLANG_WARN_UNREACHABLE_CODE = YES;
				CLANG_WARN__DUPLICATE_METHOD_MATCH = YES;
				CODE_SIGN_IDENTITY = "iPhone Developer";
				COPY_PHASE_STRIP = NO;
				DEBUG_INFORMATION_FORMAT = dwarf;
				ENABLE_STRICT_OBJC_MSGSEND = YES;
				ENABLE_TESTABILITY = YES;
				GCC_C_LANGUAGE_STANDARD = gnu11;
				GCC_DYNAMIC_NO_PIC = NO;
				GCC_NO_COMMON_BLOCKS = YES;
				GCC_OPTIMIZATION_LEVEL = 0;
				GCC_PREPROCESSOR_DEFINITIONS = (
					"DEBUG=1",
					"$(inherited)",
				);
				GCC_WARN_64_TO_32_BIT_CONVERSION = YES;
				GCC_WARN_ABOUT_RETURN_TYPE = YES_ERROR;
				GCC_WARN_UNDECLARED_SELECTOR = YES;
				GCC_WARN_UNINITIALIZED_AUTOS = YES_AGGRESSIVE;
				GCC_WARN_UNUSED_FUNCTION = YES;
				GCC_WARN_UNUSED_VARIABLE = YES;
				IPHONEOS_DEPLOYMENT_TARGET = 12.2;
				MTL_ENABLE_DEBUG_INFO = INCLUDE_SOURCE;
				MTL_FAST_MATH = YES;
				ONLY_ACTIVE_ARCH = YES;
				SDKROOT = iphoneos;
				SWIFT_ACTIVE_COMPILATION_CONDITIONS = DEBUG;
				SWIFT_OPTIMIZATION_LEVEL = "-Onone";
			};
			name = Debug;
		};
		895908E4227F211C00F72B58 /* Release */ = {
			isa = XCBuildConfiguration;
			buildSettings = {
				ALWAYS_SEARCH_USER_PATHS = NO;
				CLANG_ANALYZER_NONNULL = YES;
				CLANG_ANALYZER_NUMBER_OBJECT_CONVERSION = YES_AGGRESSIVE;
				CLANG_CXX_LANGUAGE_STANDARD = "gnu++14";
				CLANG_CXX_LIBRARY = "libc++";
				CLANG_ENABLE_MODULES = YES;
				CLANG_ENABLE_OBJC_ARC = YES;
				CLANG_ENABLE_OBJC_WEAK = YES;
				CLANG_WARN_BLOCK_CAPTURE_AUTORELEASING = YES;
				CLANG_WARN_BOOL_CONVERSION = YES;
				CLANG_WARN_COMMA = YES;
				CLANG_WARN_CONSTANT_CONVERSION = YES;
				CLANG_WARN_DEPRECATED_OBJC_IMPLEMENTATIONS = YES;
				CLANG_WARN_DIRECT_OBJC_ISA_USAGE = YES_ERROR;
				CLANG_WARN_DOCUMENTATION_COMMENTS = YES;
				CLANG_WARN_EMPTY_BODY = YES;
				CLANG_WARN_ENUM_CONVERSION = YES;
				CLANG_WARN_INFINITE_RECURSION = YES;
				CLANG_WARN_INT_CONVERSION = YES;
				CLANG_WARN_NON_LITERAL_NULL_CONVERSION = YES;
				CLANG_WARN_OBJC_IMPLICIT_RETAIN_SELF = YES;
				CLANG_WARN_OBJC_LITERAL_CONVERSION = YES;
				CLANG_WARN_OBJC_ROOT_CLASS = YES_ERROR;
				CLANG_WARN_RANGE_LOOP_ANALYSIS = YES;
				CLANG_WARN_STRICT_PROTOTYPES = YES;
				CLANG_WARN_SUSPICIOUS_MOVE = YES;
				CLANG_WARN_UNGUARDED_AVAILABILITY = YES_AGGRESSIVE;
				CLANG_WARN_UNREACHABLE_CODE = YES;
				CLANG_WARN__DUPLICATE_METHOD_MATCH = YES;
				CODE_SIGN_IDENTITY = "iPhone Developer";
				COPY_PHASE_STRIP = NO;
				DEBUG_INFORMATION_FORMAT = "dwarf-with-dsym";
				ENABLE_NS_ASSERTIONS = NO;
				ENABLE_STRICT_OBJC_MSGSEND = YES;
				GCC_C_LANGUAGE_STANDARD = gnu11;
				GCC_NO_COMMON_BLOCKS = YES;
				GCC_WARN_64_TO_32_BIT_CONVERSION = YES;
				GCC_WARN_ABOUT_RETURN_TYPE = YES_ERROR;
				GCC_WARN_UNDECLARED_SELECTOR = YES;
				GCC_WARN_UNINITIALIZED_AUTOS = YES_AGGRESSIVE;
				GCC_WARN_UNUSED_FUNCTION = YES;
				GCC_WARN_UNUSED_VARIABLE = YES;
				IPHONEOS_DEPLOYMENT_TARGET = 12.2;
				MTL_ENABLE_DEBUG_INFO = NO;
				MTL_FAST_MATH = YES;
				SDKROOT = iphoneos;
				SWIFT_COMPILATION_MODE = wholemodule;
				SWIFT_OPTIMIZATION_LEVEL = "-O";
				VALIDATE_PRODUCT = YES;
			};
			name = Release;
		};
		895908E6227F211C00F72B58 /* Debug */ = {
			isa = XCBuildConfiguration;
			buildSettings = {
				ASSETCATALOG_COMPILER_APPICON_NAME = AppIcon;
				CODE_SIGN_STYLE = Automatic;
				DEVELOPMENT_TEAM = FXYNULYLA6;
				INFOPLIST_FILE = "Adrenalab Timer/Info.plist";
				LD_RUNPATH_SEARCH_PATHS = (
					"$(inherited)",
					"@executable_path/Frameworks",
				);
				PRODUCT_BUNDLE_IDENTIFIER = "cc.rtp.adrenalabtimer.Adrenalab-Timer";
				PRODUCT_NAME = "$(TARGET_NAME)";
				SWIFT_VERSION = 5.0;
				TARGETED_DEVICE_FAMILY = "1,2";
			};
			name = Debug;
		};
		895908E7227F211C00F72B58 /* Release */ = {
			isa = XCBuildConfiguration;
			buildSettings = {
				ASSETCATALOG_COMPILER_APPICON_NAME = AppIcon;
				CODE_SIGN_STYLE = Automatic;
				DEVELOPMENT_TEAM = FXYNULYLA6;
				INFOPLIST_FILE = "Adrenalab Timer/Info.plist";
				LD_RUNPATH_SEARCH_PATHS = (
					"$(inherited)",
					"@executable_path/Frameworks",
				);
				PRODUCT_BUNDLE_IDENTIFIER = "cc.rtp.adrenalabtimer.Adrenalab-Timer";
				PRODUCT_NAME = "$(TARGET_NAME)";
				SWIFT_VERSION = 5.0;
				TARGETED_DEVICE_FAMILY = "1,2";
			};
			name = Release;
		};
/* End XCBuildConfiguration section */

/* Begin XCConfigurationList section */
		895908CB227F211900F72B58 /* Build configuration list for PBXProject "Adrenalab Timer" */ = {
			isa = XCConfigurationList;
			buildConfigurations = (
				895908E3227F211C00F72B58 /* Debug */,
				895908E4227F211C00F72B58 /* Release */,
			);
			defaultConfigurationIsVisible = 0;
			defaultConfigurationName = Release;
		};
		895908E5227F211C00F72B58 /* Build configuration list for PBXNativeTarget "Adrenalab Timer" */ = {
			isa = XCConfigurationList;
			buildConfigurations = (
				895908E6227F211C00F72B58 /* Debug */,
				895908E7227F211C00F72B58 /* Release */,
			);
			defaultConfigurationIsVisible = 0;
			defaultConfigurationName = Release;
		};
/* End XCConfigurationList section */

/* Begin XCVersionGroup section */
		895908DA227F211A00F72B58 /* Adrenalab_Timer.xcdatamodeld */ = {
			isa = XCVersionGroup;
			children = (
				895908DB227F211A00F72B58 /* Adrenalab_Timer.xcdatamodel */,
			);
			currentVersion = 895908DB227F211A00F72B58 /* Adrenalab_Timer.xcdatamodel */;
			path = Adrenalab_Timer.xcdatamodeld;
			sourceTree = "<group>";
			versionGroupType = wrapper.xcdatamodel;
		};
/* End XCVersionGroup section */
	};
	rootObject = 895908C8227F211900F72B58 /* Project object */;
}
